
Microsoft Visual Studio Solution File, Format Version 12.00
# Visual Studio Version 17
VisualStudioVersion = 17.8.34330.188
MinimumVisualStudioVersion = 10.0.40219.1
Project("{FAE04EC0-301F-11D3-BF4B-00C04F79EFBC}") = "SysTINSApp", "SysTINSApp\SysTINSApp.csproj", "{6AB1F8C4-A82B-45BD-AE1B-FB207C7658E4}"
EndProject
Project("{FAE04EC0-301F-11D3-BF4B-00C04F79EFBC}") = "SysTINSClass", "SysTINSClass\SysTINSClass.csproj", "{5F19AF93-90E6-4067-87DF-1CC1A463A100}"
EndProject
Global
	GlobalSection(SolutionConfigurationPlatforms) = preSolution
		Debug|Any CPU = Debug|Any CPU
		Release|Any CPU = Release|Any CPU
	EndGlobalSection
	GlobalSection(ProjectConfigurationPlatforms) = postSolution
		{6AB1F8C4-A82B-45BD-AE1B-FB207C7658E4}.Debug|Any CPU.ActiveCfg = Debug|Any CPU
		{6AB1F8C4-A82B-45BD-AE1B-FB207C7658E4}.Debug|Any CPU.Build.0 = Debug|Any CPU
		{6AB1F8C4-A82B-45BD-AE1B-FB207C7658E4}.Release|Any CPU.ActiveCfg = Release|Any CPU
		{6AB1F8C4-A82B-45BD-AE1B-FB207C7658E4}.Release|Any CPU.Build.0 = Release|Any CPU
		{5F19AF93-90E6-4067-87DF-1CC1A463A100}.Debug|Any CPU.ActiveCfg = Debug|Any CPU
		{5F19AF93-90E6-4067-87DF-1CC1A463A100}.Debug|Any CPU.Build.0 = Debug|Any CPU
		{5F19AF93-90E6-4067-87DF-1CC1A463A100}.Release|Any CPU.ActiveCfg = Release|Any CPU
		{5F19AF93-90E6-4067-87DF-1CC1A463A100}.Release|Any CPU.Build.0 = Release|Any CPU
	EndGlobalSection
	GlobalSection(SolutionProperties) = preSolution
		HideSolutionNode = FALSE
	EndGlobalSection
	GlobalSection(ExtensibilityGlobals) = postSolution
		SolutionGuid = {E0E15206-6345-4B19-837F-9FE922F6F880}
	EndGlobalSection
EndGlobal
